// !$*UTF8*$!
{
	archiveVersion = 1;
	classes = {
	};
	objectVersion = 46;
	objects = {

/* Begin PBXBuildFile section */
		161D0B6F1B76EF8B00F828FA /* AppDelegate.swift in Sources */ = {isa = PBXBuildFile; fileRef = 161D0B6E1B76EF8B00F828FA /* AppDelegate.swift */; };
		161D0B711B76EF8B00F828FA /* GameScene.sks in Resources */ = {isa = PBXBuildFile; fileRef = 161D0B701B76EF8B00F828FA /* GameScene.sks */; };
		161D0B731B76EF8B00F828FA /* GameScene.swift in Sources */ = {isa = PBXBuildFile; fileRef = 161D0B721B76EF8B00F828FA /* GameScene.swift */; };
		161D0B751B76EF8B00F828FA /* GameViewController.swift in Sources */ = {isa = PBXBuildFile; fileRef = 161D0B741B76EF8B00F828FA /* GameViewController.swift */; };
		161D0B781B76EF8B00F828FA /* Main.storyboard in Resources */ = {isa = PBXBuildFile; fileRef = 161D0B761B76EF8B00F828FA /* Main.storyboard */; };
		161D0B7A1B76EF8B00F828FA /* Images.xcassets in Resources */ = {isa = PBXBuildFile; fileRef = 161D0B791B76EF8B00F828FA /* Images.xcassets */; };
		161D0B7D1B76EF8B00F828FA /* LaunchScreen.xib in Resources */ = {isa = PBXBuildFile; fileRef = 161D0B7B1B76EF8B00F828FA /* LaunchScreen.xib */; };
		161D0B891B76EF8B00F828FA /* PixelLifeTests.swift in Sources */ = {isa = PBXBuildFile; fileRef = 161D0B881B76EF8B00F828FA /* PixelLifeTests.swift */; };
		16D018BD1B7AB6DC000C275A /* ShoppingScene.swift in Sources */ = {isa = PBXBuildFile; fileRef = 16D018BC1B7AB6DC000C275A /* ShoppingScene.swift */; };
		16D018BF1B7AB8C7000C275A /* ShoppingScene.sks in Resources */ = {isa = PBXBuildFile; fileRef = 16D018BE1B7AB8C7000C275A /* ShoppingScene.sks */; };
		EA2D5E9C1B783AD8007E654E /* CraftingItems.swift in Sources */ = {isa = PBXBuildFile; fileRef = EA2D5E9B1B783AD8007E654E /* CraftingItems.swift */; };
/* End PBXBuildFile section */

/* Begin PBXContainerItemProxy section */
		161D0B831B76EF8B00F828FA /* PBXContainerItemProxy */ = {
			isa = PBXContainerItemProxy;
			containerPortal = 161D0B611B76EF8A00F828FA /* Project object */;
			proxyType = 1;
			remoteGlobalIDString = 161D0B681B76EF8B00F828FA;
			remoteInfo = PixelLife;
		};
/* End PBXContainerItemProxy section */

/* Begin PBXFileReference section */
		161D0B691B76EF8B00F828FA /* PixelLife.app */ = {isa = PBXFileReference; explicitFileType = wrapper.application; includeInIndex = 0; path = PixelLife.app; sourceTree = BUILT_PRODUCTS_DIR; };
		161D0B6D1B76EF8B00F828FA /* Info.plist */ = {isa = PBXFileReference; lastKnownFileType = text.plist.xml; path = Info.plist; sourceTree = "<group>"; };
		161D0B6E1B76EF8B00F828FA /* AppDelegate.swift */ = {isa = PBXFileReference; lastKnownFileType = sourcecode.swift; path = AppDelegate.swift; sourceTree = "<group>"; };
		161D0B701B76EF8B00F828FA /* GameScene.sks */ = {isa = PBXFileReference; lastKnownFileType = file.sks; path = GameScene.sks; sourceTree = "<group>"; };
		161D0B721B76EF8B00F828FA /* GameScene.swift */ = {isa = PBXFileReference; lastKnownFileType = sourcecode.swift; path = GameScene.swift; sourceTree = "<group>"; };
		161D0B741B76EF8B00F828FA /* GameViewController.swift */ = {isa = PBXFileReference; lastKnownFileType = sourcecode.swift; path = GameViewController.swift; sourceTree = "<group>"; };
		161D0B771B76EF8B00F828FA /* Base */ = {isa = PBXFileReference; lastKnownFileType = file.storyboard; name = Base; path = Base.lproj/Main.storyboard; sourceTree = "<group>"; };
		161D0B791B76EF8B00F828FA /* Images.xcassets */ = {isa = PBXFileReference; lastKnownFileType = folder.assetcatalog; path = Images.xcassets; sourceTree = "<group>"; };
		161D0B7C1B76EF8B00F828FA /* Base */ = {isa = PBXFileReference; lastKnownFileType = file.xib; name = Base; path = Base.lproj/LaunchScreen.xib; sourceTree = "<group>"; };
		161D0B821B76EF8B00F828FA /* PixelLifeTests.xctest */ = {isa = PBXFileReference; explicitFileType = wrapper.cfbundle; includeInIndex = 0; path = PixelLifeTests.xctest; sourceTree = BUILT_PRODUCTS_DIR; };
		161D0B871B76EF8B00F828FA /* Info.plist */ = {isa = PBXFileReference; lastKnownFileType = text.plist.xml; path = Info.plist; sourceTree = "<group>"; };
		161D0B881B76EF8B00F828FA /* PixelLifeTests.swift */ = {isa = PBXFileReference; lastKnownFileType = sourcecode.swift; path = PixelLifeTests.swift; sourceTree = "<group>"; };
		16D018BC1B7AB6DC000C275A /* ShoppingScene.swift */ = {isa = PBXFileReference; fileEncoding = 4; lastKnownFileType = sourcecode.swift; path = ShoppingScene.swift; sourceTree = "<group>"; };
		16D018BE1B7AB8C7000C275A /* ShoppingScene.sks */ = {isa = PBXFileReference; lastKnownFileType = file.sks; path = ShoppingScene.sks; sourceTree = "<group>"; };
		EA2D5E9B1B783AD8007E654E /* CraftingItems.swift */ = {isa = PBXFileReference; fileEncoding = 4; lastKnownFileType = sourcecode.swift; path = CraftingItems.swift; sourceTree = "<group>"; };
/* End PBXFileReference section */

/* Begin PBXFrameworksBuildPhase section */
		161D0B661B76EF8B00F828FA /* Frameworks */ = {
			isa = PBXFrameworksBuildPhase;
			buildActionMask = 2147483647;
			files = (
			);
			runOnlyForDeploymentPostprocessing = 0;
		};
		161D0B7F1B76EF8B00F828FA /* Frameworks */ = {
			isa = PBXFrameworksBuildPhase;
			buildActionMask = 2147483647;
			files = (
			);
			runOnlyForDeploymentPostprocessing = 0;
		};
/* End PBXFrameworksBuildPhase section */

/* Begin PBXGroup section */
		161D0B601B76EF8A00F828FA = {
			isa = PBXGroup;
			children = (
				161D0B6B1B76EF8B00F828FA /* PixelLife */,
				161D0B851B76EF8B00F828FA /* PixelLifeTests */,
				161D0B6A1B76EF8B00F828FA /* Products */,
			);
			sourceTree = "<group>";
		};
		161D0B6A1B76EF8B00F828FA /* Products */ = {
			isa = PBXGroup;
			children = (
				161D0B691B76EF8B00F828FA /* PixelLife.app */,
				161D0B821B76EF8B00F828FA /* PixelLifeTests.xctest */,
			);
			name = Products;
			sourceTree = "<group>";
		};
		161D0B6B1B76EF8B00F828FA /* PixelLife */ = {
			isa = PBXGroup;
			children = (
				EA2D5E9B1B783AD8007E654E /* CraftingItems.swift */,
				161D0B6E1B76EF8B00F828FA /* AppDelegate.swift */,
				161D0B701B76EF8B00F828FA /* GameScene.sks */,
				161D0B721B76EF8B00F828FA /* GameScene.swift */,
				16D018BE1B7AB8C7000C275A /* ShoppingScene.sks */,
				16D018BC1B7AB6DC000C275A /* ShoppingScene.swift */,
				161D0B741B76EF8B00F828FA /* GameViewController.swift */,
				161D0B761B76EF8B00F828FA /* Main.storyboard */,
				161D0B791B76EF8B00F828FA /* Images.xcassets */,
				161D0B7B1B76EF8B00F828FA /* LaunchScreen.xib */,
				161D0B6C1B76EF8B00F828FA /* Supporting Files */,
			);
			path = PixelLife;
			sourceTree = "<group>";
		};
		161D0B6C1B76EF8B00F828FA /* Supporting Files */ = {
			isa = PBXGroup;
			children = (
				161D0B6D1B76EF8B00F828FA /* Info.plist */,
			);
			name = "Supporting Files";
			sourceTree = "<group>";
		};
		161D0B851B76EF8B00F828FA /* PixelLifeTests */ = {
			isa = PBXGroup;
			children = (
				161D0B881B76EF8B00F828FA /* PixelLifeTests.swift */,
				161D0B861B76EF8B00F828FA /* Supporting Files */,
			);
			path = PixelLifeTests;
			sourceTree = "<group>";
		};
		161D0B861B76EF8B00F828FA /* Supporting Files */ = {
			isa = PBXGroup;
			children = (
				161D0B871B76EF8B00F828FA /* Info.plist */,
			);
			name = "Supporting Files";
			sourceTree = "<group>";
		};
/* End PBXGroup section */

/* Begin PBXNativeTarget section */
		161D0B681B76EF8B00F828FA /* PixelLife */ = {
			isa = PBXNativeTarget;
			buildConfigurationList = 161D0B8C1B76EF8B00F828FA /* Build configuration list for PBXNativeTarget "PixelLife" */;
			buildPhases = (
				161D0B651B76EF8B00F828FA /* Sources */,
				161D0B661B76EF8B00F828FA /* Frameworks */,
				161D0B671B76EF8B00F828FA /* Resources */,
			);
			buildRules = (
			);
			dependencies = (
			);
			name = PixelLife;
			productName = PixelLife;
			productReference = 161D0B691B76EF8B00F828FA /* PixelLife.app */;
			productType = "com.apple.product-type.application";
		};
		161D0B811B76EF8B00F828FA /* PixelLifeTests */ = {
			isa = PBXNativeTarget;
			buildConfigurationList = 161D0B8F1B76EF8B00F828FA /* Build configuration list for PBXNativeTarget "PixelLifeTests" */;
			buildPhases = (
				161D0B7E1B76EF8B00F828FA /* Sources */,
				161D0B7F1B76EF8B00F828FA /* Frameworks */,
				161D0B801B76EF8B00F828FA /* Resources */,
			);
			buildRules = (
			);
			dependencies = (
				161D0B841B76EF8B00F828FA /* PBXTargetDependency */,
			);
			name = PixelLifeTests;
			productName = PixelLifeTests;
			productReference = 161D0B821B76EF8B00F828FA /* PixelLifeTests.xctest */;
			productType = "com.apple.product-type.bundle.unit-test";
		};
/* End PBXNativeTarget section */

/* Begin PBXProject section */
		161D0B611B76EF8A00F828FA /* Project object */ = {
			isa = PBXProject;
			attributes = {
				LastUpgradeCheck = 0630;
				ORGANIZATIONNAME = Yifang;
				TargetAttributes = {
					161D0B681B76EF8B00F828FA = {
						CreatedOnToolsVersion = 6.3.1;
					};
					161D0B811B76EF8B00F828FA = {
						CreatedOnToolsVersion = 6.3.1;
						TestTargetID = 161D0B681B76EF8B00F828FA;
					};
				};
			};
			buildConfigurationList = 161D0B641B76EF8A00F828FA /* Build configuration list for PBXProject "PixelLife" */;
			compatibilityVersion = "Xcode 3.2";
			developmentRegion = English;
			hasScannedForEncodings = 0;
			knownRegions = (
				en,
				Base,
			);
			mainGroup = 161D0B601B76EF8A00F828FA;
			productRefGroup = 161D0B6A1B76EF8B00F828FA /* Products */;
			projectDirPath = "";
			projectRoot = "";
			targets = (
				161D0B681B76EF8B00F828FA /* PixelLife */,
				161D0B811B76EF8B00F828FA /* PixelLifeTests */,
			);
		};
/* End PBXProject section */

/* Begin PBXResourcesBuildPhase section */
		161D0B671B76EF8B00F828FA /* Resources */ = {
			isa = PBXResourcesBuildPhase;
			buildActionMask = 2147483647;
			files = (
				161D0B7D1B76EF8B00F828FA /* LaunchScreen.xib in Resources */,
				16D018BF1B7AB8C7000C275A /* ShoppingScene.sks in Resources */,
				161D0B7A1B76EF8B00F828FA /* Images.xcassets in Resources */,
				161D0B711B76EF8B00F828FA /* GameScene.sks in Resources */,
				161D0B781B76EF8B00F828FA /* Main.storyboard in Resources */,
			);
			runOnlyForDeploymentPostprocessing = 0;
		};
		161D0B801B76EF8B00F828FA /* Resources */ = {
			isa = PBXResourcesBuildPhase;
			buildActionMask = 2147483647;
			files = (
			);
			runOnlyForDeploymentPostprocessing = 0;
		};
/* End PBXResourcesBuildPhase section */

/* Begin PBXSourcesBuildPhase section */
		161D0B651B76EF8B00F828FA /* Sources */ = {
			isa = PBXSourcesBuildPhase;
			buildActionMask = 2147483647;
			files = (
				161D0B731B76EF8B00F828FA /* GameScene.swift in Sources */,
				161D0B751B76EF8B00F828FA /* GameViewController.swift in Sources */,
				16D018BD1B7AB6DC000C275A /* ShoppingScene.swift in Sources */,
				EA2D5E9C1B783AD8007E654E /* CraftingItems.swift in Sources */,
				161D0B6F1B76EF8B00F828FA /* AppDelegate.swift in Sources */,
			);
			runOnlyForDeploymentPostprocessing = 0;
		};
		161D0B7E1B76EF8B00F828FA /* Sources */ = {
			isa = PBXSourcesBuildPhase;
			buildActionMask = 2147483647;
			files = (
				161D0B891B76EF8B00F828FA /* PixelLifeTests.swift in Sources */,
			);
			runOnlyForDeploymentPostprocessing = 0;
		};
/* End PBXSourcesBuildPhase section */

/* Begin PBXTargetDependency section */
		161D0B841B76EF8B00F828FA /* PBXTargetDependency */ = {
			isa = PBXTargetDependency;
			target = 161D0B681B76EF8B00F828FA /* PixelLife */;
			targetProxy = 161D0B831B76EF8B00F828FA /* PBXContainerItemProxy */;
		};
/* End PBXTargetDependency section */

/* Begin PBXVariantGroup section */
		161D0B761B76EF8B00F828FA /* Main.storyboard */ = {
			isa = PBXVariantGroup;
			children = (
				161D0B771B76EF8B00F828FA /* Base */,
			);
			name = Main.storyboard;
			sourceTree = "<group>";
		};
		161D0B7B1B76EF8B00F828FA /* LaunchScreen.xib */ = {
			isa = PBXVariantGroup;
			children = (
				161D0B7C1B76EF8B00F828FA /* Base */,
			);
			name = LaunchScreen.xib;
			sourceTree = "<group>";
		};
/* End PBXVariantGroup section */

/* Begin XCBuildConfiguration section */
		161D0B8A1B76EF8B00F828FA /* Debug */ = {
			isa = XCBuildConfiguration;
			buildSettings = {
				ALWAYS_SEARCH_USER_PATHS = NO;
				CLANG_CXX_LANGUAGE_STANDARD = "gnu++0x";
				CLANG_CXX_LIBRARY = "libc++";
				CLANG_ENABLE_MODULES = YES;
				CLANG_ENABLE_OBJC_ARC = YES;
				CLANG_WARN_BOOL_CONVERSION = YES;
				CLANG_WARN_CONSTANT_CONVERSION = YES;
				CLANG_WARN_DIRECT_OBJC_ISA_USAGE = YES_ERROR;
				CLANG_WARN_EMPTY_BODY = YES;
				CLANG_WARN_ENUM_CONVERSION = YES;
				CLANG_WARN_INT_CONVERSION = YES;
				CLANG_WARN_OBJC_ROOT_CLASS = YES_ERROR;
				CLANG_WARN_UNREACHABLE_CODE = YES;
				CLANG_WARN__DUPLICATE_METHOD_MATCH = YES;
				"CODE_SIGN_IDENTITY[sdk=iphoneos*]" = "iPhone Developer";
				COPY_PHASE_STRIP = NO;
				DEBUG_INFORMATION_FORMAT = "dwarf-with-dsym";
				ENABLE_STRICT_OBJC_MSGSEND = YES;
				GCC_C_LANGUAGE_STANDARD = gnu99;
				GCC_DYNAMIC_NO_PIC = NO;
				GCC_NO_COMMON_BLOCKS = YES;
				GCC_OPTIMIZATION_LEVEL = 0;
				GCC_PREPROCESSOR_DEFINITIONS = (
					"DEBUG=1",
					"$(inherited)",
				);
				GCC_SYMBOLS_PRIVATE_EXTERN = NO;
				GCC_WARN_64_TO_32_BIT_CONVERSION = YES;
				GCC_WARN_ABOUT_RETURN_TYPE = YES_ERROR;
				GCC_WARN_UNDECLARED_SELECTOR = YES;
				GCC_WARN_UNINITIALIZED_AUTOS = YES_AGGRESSIVE;
				GCC_WARN_UNUSED_FUNCTION = YES;
				GCC_WARN_UNUSED_VARIABLE = YES;
				IPHONEOS_DEPLOYMENT_TARGET = 8.3;
				MTL_ENABLE_DEBUG_INFO = YES;
				ONLY_ACTIVE_ARCH = YES;
				SDKROOT = iphoneos;
				SWIFT_OPTIMIZATION_LEVEL = "-Onone";
				TARGETED_DEVICE_FAMILY = "1,2";
			};
			name = Debug;
		};
		161D0B8B1B76EF8B00F828FA /* Release */ = {
			isa = XCBuildConfiguration;
			buildSettings = {
				ALWAYS_SEARCH_USER_PATHS = NO;
				CLANG_CXX_LANGUAGE_STANDARD = "gnu++0x";
				CLANG_CXX_LIBRARY = "libc++";
				CLANG_ENABLE_MODULES = YES;
				CLANG_ENABLE_OBJC_ARC = YES;
				CLANG_WARN_BOOL_CONVERSION = YES;
				CLANG_WARN_CONSTANT_CONVERSION = YES;
				CLANG_WARN_DIRECT_OBJC_ISA_USAGE = YES_ERROR;
				CLANG_WARN_EMPTY_BODY = YES;
				CLANG_WARN_ENUM_CONVERSION = YES;
				CLANG_WARN_INT_CONVERSION = YES;
				CLANG_WARN_OBJC_ROOT_CLASS = YES_ERROR;
				CLANG_WARN_UNREACHABLE_CODE = YES;
				CLANG_WARN__DUPLICATE_METHOD_MATCH = YES;
				"CODE_SIGN_IDENTITY[sdk=iphoneos*]" = "iPhone Developer";
				COPY_PHASE_STRIP = NO;
				DEBUG_INFORMATION_FORMAT = "dwarf-with-dsym";
				ENABLE_NS_ASSERTIONS = NO;
				ENABLE_STRICT_OBJC_MSGSEND = YES;
				GCC_C_LANGUAGE_STANDARD = gnu99;
				GCC_NO_COMMON_BLOCKS = YES;
				GCC_WARN_64_TO_32_BIT_CONVERSION = YES;
				GCC_WARN_ABOUT_RETURN_TYPE = YES_ERROR;
				GCC_WARN_UNDECLARED_SELECTOR = YES;
				GCC_WARN_UNINITIALIZED_AUTOS = YES_AGGRESSIVE;
				GCC_WARN_UNUSED_FUNCTION = YES;
				GCC_WARN_UNUSED_VARIABLE = YES;
				IPHONEOS_DEPLOYMENT_TARGET = 8.3;
				MTL_ENABLE_DEBUG_INFO = NO;
				SDKROOT = iphoneos;
				TARGETED_DEVICE_FAMILY = "1,2";
				VALIDATE_PRODUCT = YES;
			};
			name = Release;
		};
		161D0B8D1B76EF8B00F828FA /* Debug */ = {
			isa = XCBuildConfiguration;
			buildSettings = {
				ASSETCATALOG_COMPILER_APPICON_NAME = AppIcon;
				INFOPLIST_FILE = PixelLife/Info.plist;
				LD_RUNPATH_SEARCH_PATHS = "$(inherited) @executable_path/Frameworks";
				PRODUCT_NAME = "$(TARGET_NAME)";
			};
			name = Debug;
		};
		161D0B8E1B76EF8B00F828FA /* Release */ = {
			isa = XCBuildConfiguration;
			buildSettings = {
				ASSETCATALOG_COMPILER_APPICON_NAME = AppIcon;
				INFOPLIST_FILE = PixelLife/Info.plist;
				LD_RUNPATH_SEARCH_PATHS = "$(inherited) @executable_path/Frameworks";
				PRODUCT_NAME = "$(TARGET_NAME)";
			};
			name = Release;
		};
		161D0B901B76EF8B00F828FA /* Debug */ = {
			isa = XCBuildConfiguration;
			buildSettings = {
				BUNDLE_LOADER = "$(TEST_HOST)";
				FRAMEWORK_SEARCH_PATHS = (
					"$(SDKROOT)/Developer/Library/Frameworks",
					"$(inherited)",
				);
				GCC_PREPROCESSOR_DEFINITIONS = (
					"DEBUG=1",
					"$(inherited)",
				);
				INFOPLIST_FILE = PixelLifeTests/Info.plist;
				LD_RUNPATH_SEARCH_PATHS = "$(inherited) @executable_path/Frameworks @loader_path/Frameworks";
				PRODUCT_NAME = "$(TARGET_NAME)";
				TEST_HOST = "$(BUILT_PRODUCTS_DIR)/PixelLife.app/PixelLife";
			};
			name = Debug;
		};
		161D0B911B76EF8B00F828FA /* Release */ = {
			isa = XCBuildConfiguration;
			buildSettings = {
				BUNDLE_LOADER = "$(TEST_HOST)";
				FRAMEWORK_SEARCH_PATHS = (
					"$(SDKROOT)/Developer/Library/Frameworks",
					"$(inherited)",
				);
				INFOPLIST_FILE = PixelLifeTests/Info.plist;
				LD_RUNPATH_SEARCH_PATHS = "$(inherited) @executable_path/Frameworks @loader_path/Frameworks";
				PRODUCT_NAME = "$(TARGET_NAME)";
				TEST_HOST = "$(BUILT_PRODUCTS_DIR)/PixelLife.app/PixelLife";
			};
			name = Release;
		};
/* End XCBuildConfiguration section */

/* Begin XCConfigurationList section */
		161D0B641B76EF8A00F828FA /* Build configuration list for PBXProject "PixelLife" */ = {
			isa = XCConfigurationList;
			buildConfigurations = (
				161D0B8A1B76EF8B00F828FA /* Debug */,
				161D0B8B1B76EF8B00F828FA /* Release */,
			);
			defaultConfigurationIsVisible = 0;
			defaultConfigurationName = Release;
		};
		161D0B8C1B76EF8B00F828FA /* Build configuration list for PBXNativeTarget "PixelLife" */ = {
			isa = XCConfigurationList;
			buildConfigurations = (
				161D0B8D1B76EF8B00F828FA /* Debug */,
				161D0B8E1B76EF8B00F828FA /* Release */,
			);
			defaultConfigurationIsVisible = 0;
			defaultConfigurationName = Release;
		};
		161D0B8F1B76EF8B00F828FA /* Build configuration list for PBXNativeTarget "PixelLifeTests" */ = {
			isa = XCConfigurationList;
			buildConfigurations = (
				161D0B901B76EF8B00F828FA /* Debug */,
				161D0B911B76EF8B00F828FA /* Release */,
			);
			defaultConfigurationIsVisible = 0;
			defaultConfigurationName = Release;
		};
/* End XCConfigurationList section */
	};
	rootObject = 161D0B611B76EF8A00F828FA /* Project object */;
}
